<?xml version="1.0" encoding="utf-8"?>
<Project ToolsVersion="4.0" xmlns="http://schemas.microsoft.com/developer/msbuild/2003">
  <ItemGroup>
    <Filter Include="deps">
      <UniqueIdentifier>{933d8ce4-4a2e-4633-a204-28a7e0aff655}</UniqueIdentifier>
    </Filter>
    <Filter Include="deps\catch">
      <UniqueIdentifier>{cc3a56e8-87e7-44b1-9edb-a4830996eb29}</UniqueIdentifier>
    </Filter>
    <Filter Include="src">
      <UniqueIdentifier>{af00c3a2-e908-4599-aa07-19431a1ad68f}</UniqueIdentifier>
    </Filter>
  </ItemGroup>
  <ItemGroup>
    <ClInclude Include="..\..\deps\catch-1.2.1\catch.hpp">
      <Filter>deps\catch</Filter>
    </ClInclude>
    <ClInclude Include="..\..\src\analysis.hpp">
      <Filter>src</Filter>
    </ClInclude>
    <ClInclude Include="..\..\src\conversions.hpp">
      <Filter>src</Filter>
    </ClInclude>
    <ClInclude Include="..\..\src\encoding.hpp">
      <Filter>src</Filter>
    </ClInclude>
    <ClInclude Include="..\..\src\encryption.hpp">
      <Filter>src</Filter>
    </ClInclude>
    <ClInclude Include="..\..\src\utils.hpp">
      <Filter>src</Filter>
    </ClInclude>
    <ClInclude Include="export.hpp">
      <Filter>src</Filter>
    </ClInclude>
  </ItemGroup>
  <ItemGroup>
    <ClCompile Include="..\..\src\analysis.cpp">
      <Filter>src</Filter>
    </ClCompile>
    <ClCompile Include="..\..\src\conversions.cpp">
      <Filter>src</Filter>
    </ClCompile>
    <ClCompile Include="..\..\src\encoding.cpp">
      <Filter>src</Filter>
    </ClCompile>
    <ClCompile Include="..\..\src\encryption.cpp">
      <Filter>src</Filter>
    </ClCompile>
    <ClCompile Include="..\..\src\utils.cpp">
      <Filter>src</Filter>
    </ClCompile>
  </ItemGroup>
</Project>