<?xml version="1.0" encoding="utf-8"?>
<Project ToolsVersion="4.0" xmlns="http://schemas.microsoft.com/developer/msbuild/2003">
  <ItemGroup>
    <Filter Include="tests">
      <UniqueIdentifier>{d75d15fa-67b9-402d-a382-5fec4d2cc3b4}</UniqueIdentifier>
    </Filter>
    <Filter Include="tests\unit">
      <UniqueIdentifier>{b905ef63-1cdb-434d-918a-af68b140d371}</UniqueIdentifier>
    </Filter>
  </ItemGroup>
  <ItemGroup>
    <ClCompile Include="..\..\..\tests\test_main.cpp">
      <Filter>tests</Filter>
    </ClCompile>
    <ClCompile Include="..\..\..\tests\test_set_1.cpp">
      <Filter>tests</Filter>
    </ClCompile>
    <ClCompile Include="..\..\..\tests\unit\analysis.cpp">
      <Filter>tests\unit</Filter>
    </ClCompile>
    <ClCompile Include="..\..\..\tests\unit\encoding.cpp">
      <Filter>tests\unit</Filter>
    </ClCompile>
  </ItemGroup>
</Project>